// !$*UTF8*$!
{
	archiveVersion = 1;
	classes = {
	};
	objectVersion = 55;
	objects = {

/* Begin PBXBuildFile section */
		7D140C8D27A2877600808512 /* AppDelegate.swift in Sources */ = {isa = PBXBuildFile; fileRef = 7D140C8C27A2877600808512 /* AppDelegate.swift */; };
		7D140C8F27A2877600808512 /* SceneDelegate.swift in Sources */ = {isa = PBXBuildFile; fileRef = 7D140C8E27A2877600808512 /* SceneDelegate.swift */; };
		7D140C9127A2877600808512 /* ConversationsViewController.swift in Sources */ = {isa = PBXBuildFile; fileRef = 7D140C9027A2877600808512 /* ConversationsViewController.swift */; };
		7D140C9427A2877600808512 /* Main.storyboard in Resources */ = {isa = PBXBuildFile; fileRef = 7D140C9227A2877600808512 /* Main.storyboard */; };
		7D140C9627A2877700808512 /* Assets.xcassets in Resources */ = {isa = PBXBuildFile; fileRef = 7D140C9527A2877700808512 /* Assets.xcassets */; };
		7D140C9927A2877700808512 /* LaunchScreen.storyboard in Resources */ = {isa = PBXBuildFile; fileRef = 7D140C9727A2877700808512 /* LaunchScreen.storyboard */; };
		7D140CA727A28AA200808512 /* LoginViewController.swift in Sources */ = {isa = PBXBuildFile; fileRef = 7D140CA627A28AA200808512 /* LoginViewController.swift */; };
		7D140CA927A28AEF00808512 /* RegisterViewController.swift in Sources */ = {isa = PBXBuildFile; fileRef = 7D140CA827A28AEF00808512 /* RegisterViewController.swift */; };
		7D140CAB27A28B3400808512 /* PhotoViewerViewController.swift in Sources */ = {isa = PBXBuildFile; fileRef = 7D140CAA27A28B3400808512 /* PhotoViewerViewController.swift */; };
		7D140CAD27A28B4A00808512 /* VideoViewerViewController.swift in Sources */ = {isa = PBXBuildFile; fileRef = 7D140CAC27A28B4A00808512 /* VideoViewerViewController.swift */; };
		7D140CAF27A28B7D00808512 /* NewConversationViewController.swift in Sources */ = {isa = PBXBuildFile; fileRef = 7D140CAE27A28B7D00808512 /* NewConversationViewController.swift */; };
		7D140CB127A28B9400808512 /* profileViewController.swift in Sources */ = {isa = PBXBuildFile; fileRef = 7D140CB027A28B9400808512 /* profileViewController.swift */; };
		7D140CB427A290DB00808512 /* Extension.swift in Sources */ = {isa = PBXBuildFile; fileRef = 7D140CB327A290DB00808512 /* Extension.swift */; };
		7D140CB627A2B0C200808512 /* GoogleService-Info.plist in Resources */ = {isa = PBXBuildFile; fileRef = 7D140CB527A2B0C200808512 /* GoogleService-Info.plist */; };
		B3D4FC857500D87CC6188770 /* Pods_CHATAPPDEMO.framework in Frameworks */ = {isa = PBXBuildFile; fileRef = 93BB2AEDDC36D9B62328F4F3 /* Pods_CHATAPPDEMO.framework */; };
/* End PBXBuildFile section */

/* Begin PBXFileReference section */
		04DDD78007B2EA704A95CF11 /* Pods-CHATAPPDEMO.release.xcconfig */ = {isa = PBXFileReference; includeInIndex = 1; lastKnownFileType = text.xcconfig; name = "Pods-CHATAPPDEMO.release.xcconfig"; path = "Target Support Files/Pods-CHATAPPDEMO/Pods-CHATAPPDEMO.release.xcconfig"; sourceTree = "<group>"; };
		7D140C8927A2877600808512 /* CHATAPPDEMO.app */ = {isa = PBXFileReference; explicitFileType = wrapper.application; includeInIndex = 0; path = CHATAPPDEMO.app; sourceTree = BUILT_PRODUCTS_DIR; };
		7D140C8C27A2877600808512 /* AppDelegate.swift */ = {isa = PBXFileReference; lastKnownFileType = sourcecode.swift; path = AppDelegate.swift; sourceTree = "<group>"; };
		7D140C8E27A2877600808512 /* SceneDelegate.swift */ = {isa = PBXFileReference; lastKnownFileType = sourcecode.swift; path = SceneDelegate.swift; sourceTree = "<group>"; };
		7D140C9027A2877600808512 /* ConversationsViewController.swift */ = {isa = PBXFileReference; lastKnownFileType = sourcecode.swift; path = ConversationsViewController.swift; sourceTree = "<group>"; };
		7D140C9327A2877600808512 /* Base */ = {isa = PBXFileReference; lastKnownFileType = file.storyboard; name = Base; path = Base.lproj/Main.storyboard; sourceTree = "<group>"; };
		7D140C9527A2877700808512 /* Assets.xcassets */ = {isa = PBXFileReference; lastKnownFileType = folder.assetcatalog; path = Assets.xcassets; sourceTree = "<group>"; };
		7D140C9827A2877700808512 /* Base */ = {isa = PBXFileReference; lastKnownFileType = file.storyboard; name = Base; path = Base.lproj/LaunchScreen.storyboard; sourceTree = "<group>"; };
		7D140C9A27A2877700808512 /* Info.plist */ = {isa = PBXFileReference; lastKnownFileType = text.plist.xml; path = Info.plist; sourceTree = "<group>"; };
		7D140CA627A28AA200808512 /* LoginViewController.swift */ = {isa = PBXFileReference; lastKnownFileType = sourcecode.swift; path = LoginViewController.swift; sourceTree = "<group>"; };
		7D140CA827A28AEF00808512 /* RegisterViewController.swift */ = {isa = PBXFileReference; lastKnownFileType = sourcecode.swift; path = RegisterViewController.swift; sourceTree = "<group>"; };
		7D140CAA27A28B3400808512 /* PhotoViewerViewController.swift */ = {isa = PBXFileReference; lastKnownFileType = sourcecode.swift; path = PhotoViewerViewController.swift; sourceTree = "<group>"; };
		7D140CAC27A28B4A00808512 /* VideoViewerViewController.swift */ = {isa = PBXFileReference; lastKnownFileType = sourcecode.swift; path = VideoViewerViewController.swift; sourceTree = "<group>"; };
		7D140CAE27A28B7D00808512 /* NewConversationViewController.swift */ = {isa = PBXFileReference; lastKnownFileType = sourcecode.swift; path = NewConversationViewController.swift; sourceTree = "<group>"; };
		7D140CB027A28B9400808512 /* profileViewController.swift */ = {isa = PBXFileReference; lastKnownFileType = sourcecode.swift; path = profileViewController.swift; sourceTree = "<group>"; };
		7D140CB327A290DB00808512 /* Extension.swift */ = {isa = PBXFileReference; lastKnownFileType = sourcecode.swift; path = Extension.swift; sourceTree = "<group>"; };
		7D140CB527A2B0C200808512 /* GoogleService-Info.plist */ = {isa = PBXFileReference; fileEncoding = 4; lastKnownFileType = text.plist.xml; path = "GoogleService-Info.plist"; sourceTree = "<group>"; };
		93BB2AEDDC36D9B62328F4F3 /* Pods_CHATAPPDEMO.framework */ = {isa = PBXFileReference; explicitFileType = wrapper.framework; includeInIndex = 0; path = Pods_CHATAPPDEMO.framework; sourceTree = BUILT_PRODUCTS_DIR; };
		F6A71F693219A86E42B234BA /* Pods-CHATAPPDEMO.debug.xcconfig */ = {isa = PBXFileReference; includeInIndex = 1; lastKnownFileType = text.xcconfig; name = "Pods-CHATAPPDEMO.debug.xcconfig"; path = "Target Support Files/Pods-CHATAPPDEMO/Pods-CHATAPPDEMO.debug.xcconfig"; sourceTree = "<group>"; };
/* End PBXFileReference section */

/* Begin PBXFrameworksBuildPhase section */
		7D140C8627A2877600808512 /* Frameworks */ = {
			isa = PBXFrameworksBuildPhase;
			buildActionMask = 2147483647;
			files = (
				B3D4FC857500D87CC6188770 /* Pods_CHATAPPDEMO.framework in Frameworks */,
			);
			runOnlyForDeploymentPostprocessing = 0;
		};
/* End PBXFrameworksBuildPhase section */

/* Begin PBXGroup section */
		7D140C8027A2877600808512 = {
			isa = PBXGroup;
			children = (
				7D140C8B27A2877600808512 /* CHATAPPDEMO */,
				7D140C8A27A2877600808512 /* Products */,
				9CDC362D5A550C52CFE1E1F2 /* Pods */,
				FF209EEFDAAFB66B25F77E76 /* Frameworks */,
			);
			sourceTree = "<group>";
		};
		7D140C8A27A2877600808512 /* Products */ = {
			isa = PBXGroup;
			children = (
				7D140C8927A2877600808512 /* CHATAPPDEMO.app */,
			);
			name = Products;
			sourceTree = "<group>";
		};
		7D140C8B27A2877600808512 /* CHATAPPDEMO */ = {
			isa = PBXGroup;
			children = (
				7D140CA427A2890D00808512 /* resources */,
				7D140CA327A288FC00808512 /* viewmodels */,
				7D140CA227A288F200808512 /* models */,
				7D140CA027A288C000808512 /* controllers */,
				7D140CA127A288E400808512 /* views */,
				7D140C9A27A2877700808512 /* Info.plist */,
				7D140CB527A2B0C200808512 /* GoogleService-Info.plist */,
			);
			path = CHATAPPDEMO;
			sourceTree = "<group>";
		};
		7D140CA027A288C000808512 /* controllers */ = {
			isa = PBXGroup;
			children = (
				7D140C9027A2877600808512 /* ConversationsViewController.swift */,
				7D140CB227A28BE900808512 /* loginregister */,
				7D140CAA27A28B3400808512 /* PhotoViewerViewController.swift */,
				7D140CAC27A28B4A00808512 /* VideoViewerViewController.swift */,
				7D140CAE27A28B7D00808512 /* NewConversationViewController.swift */,
				7D140CB027A28B9400808512 /* profileViewController.swift */,
			);
			path = controllers;
			sourceTree = "<group>";
		};
		7D140CA127A288E400808512 /* views */ = {
			isa = PBXGroup;
			children = (
				7D140CA527A2895C00808512 /* storyboards */,
				7D140C9527A2877700808512 /* Assets.xcassets */,
			);
			path = views;
			sourceTree = "<group>";
		};
		7D140CA227A288F200808512 /* models */ = {
			isa = PBXGroup;
			children = (
			);
			path = models;
			sourceTree = "<group>";
		};
		7D140CA327A288FC00808512 /* viewmodels */ = {
			isa = PBXGroup;
			children = (
			);
			path = viewmodels;
			sourceTree = "<group>";
		};
		7D140CA427A2890D00808512 /* resources */ = {
			isa = PBXGroup;
			children = (
				7D140C8C27A2877600808512 /* AppDelegate.swift */,
				7D140C8E27A2877600808512 /* SceneDelegate.swift */,
				7D140CB327A290DB00808512 /* Extension.swift */,
			);
			path = resources;
			sourceTree = "<group>";
		};
		7D140CA527A2895C00808512 /* storyboards */ = {
			isa = PBXGroup;
			children = (
				7D140C9227A2877600808512 /* Main.storyboard */,
				7D140C9727A2877700808512 /* LaunchScreen.storyboard */,
			);
			path = storyboards;
			sourceTree = "<group>";
		};
		7D140CB227A28BE900808512 /* loginregister */ = {
			isa = PBXGroup;
			children = (
				7D140CA627A28AA200808512 /* LoginViewController.swift */,
				7D140CA827A28AEF00808512 /* RegisterViewController.swift */,
			);
			path = loginregister;
			sourceTree = "<group>";
		};
		9CDC362D5A550C52CFE1E1F2 /* Pods */ = {
			isa = PBXGroup;
			children = (
				F6A71F693219A86E42B234BA /* Pods-CHATAPPDEMO.debug.xcconfig */,
				04DDD78007B2EA704A95CF11 /* Pods-CHATAPPDEMO.release.xcconfig */,
			);
			path = Pods;
			sourceTree = "<group>";
		};
		FF209EEFDAAFB66B25F77E76 /* Frameworks */ = {
			isa = PBXGroup;
			children = (
				93BB2AEDDC36D9B62328F4F3 /* Pods_CHATAPPDEMO.framework */,
			);
			name = Frameworks;
			sourceTree = "<group>";
		};
/* End PBXGroup section */

/* Begin PBXNativeTarget section */
		7D140C8827A2877600808512 /* CHATAPPDEMO */ = {
			isa = PBXNativeTarget;
			buildConfigurationList = 7D140C9D27A2877700808512 /* Build configuration list for PBXNativeTarget "CHATAPPDEMO" */;
			buildPhases = (
				28A84C8EC136239AADD3F0C5 /* [CP] Check Pods Manifest.lock */,
				7D140C8527A2877600808512 /* Sources */,
				7D140C8627A2877600808512 /* Frameworks */,
				7D140C8727A2877600808512 /* Resources */,
				CEDB169956BE69F3293EAF15 /* [CP] Embed Pods Frameworks */,
			);
			buildRules = (
			);
			dependencies = (
			);
			name = CHATAPPDEMO;
			productName = CHATAPPDEMO;
			productReference = 7D140C8927A2877600808512 /* CHATAPPDEMO.app */;
			productType = "com.apple.product-type.application";
		};
/* End PBXNativeTarget section */

/* Begin PBXProject section */
		7D140C8127A2877600808512 /* Project object */ = {
			isa = PBXProject;
			attributes = {
				BuildIndependentTargetsInParallel = 1;
				LastSwiftUpdateCheck = 1310;
				LastUpgradeCheck = 1310;
				TargetAttributes = {
					7D140C8827A2877600808512 = {
						CreatedOnToolsVersion = 13.1;
					};
				};
			};
			buildConfigurationList = 7D140C8427A2877600808512 /* Build configuration list for PBXProject "CHATAPPDEMO" */;
			compatibilityVersion = "Xcode 13.0";
			developmentRegion = en;
			hasScannedForEncodings = 0;
			knownRegions = (
				en,
				Base,
			);
			mainGroup = 7D140C8027A2877600808512;
			productRefGroup = 7D140C8A27A2877600808512 /* Products */;
			projectDirPath = "";
			projectRoot = "";
			targets = (
				7D140C8827A2877600808512 /* CHATAPPDEMO */,
			);
		};
/* End PBXProject section */

/* Begin PBXResourcesBuildPhase section */
		7D140C8727A2877600808512 /* Resources */ = {
			isa = PBXResourcesBuildPhase;
			buildActionMask = 2147483647;
			files = (
				7D140C9927A2877700808512 /* LaunchScreen.storyboard in Resources */,
				7D140CB627A2B0C200808512 /* GoogleService-Info.plist in Resources */,
				7D140C9627A2877700808512 /* Assets.xcassets in Resources */,
				7D140C9427A2877600808512 /* Main.storyboard in Resources */,
			);
			runOnlyForDeploymentPostprocessing = 0;
		};
/* End PBXResourcesBuildPhase section */

/* Begin PBXShellScriptBuildPhase section */
		28A84C8EC136239AADD3F0C5 /* [CP] Check Pods Manifest.lock */ = {
			isa = PBXShellScriptBuildPhase;
			buildActionMask = 2147483647;
			files = (
			);
			inputFileListPaths = (
			);
			inputPaths = (
				"${PODS_PODFILE_DIR_PATH}/Podfile.lock",
				"${PODS_ROOT}/Manifest.lock",
			);
			name = "[CP] Check Pods Manifest.lock";
			outputFileListPaths = (
			);
			outputPaths = (
				"$(DERIVED_FILE_DIR)/Pods-CHATAPPDEMO-checkManifestLockResult.txt",
			);
			runOnlyForDeploymentPostprocessing = 0;
			shellPath = /bin/sh;
			shellScript = "diff \"${PODS_PODFILE_DIR_PATH}/Podfile.lock\" \"${PODS_ROOT}/Manifest.lock\" > /dev/null\nif [ $? != 0 ] ; then\n    # print error to STDERR\n    echo \"error: The sandbox is not in sync with the Podfile.lock. Run 'pod install' or update your CocoaPods installation.\" >&2\n    exit 1\nfi\n# This output is used by Xcode 'outputs' to avoid re-running this script phase.\necho \"SUCCESS\" > \"${SCRIPT_OUTPUT_FILE_0}\"\n";
			showEnvVarsInLog = 0;
		};
		CEDB169956BE69F3293EAF15 /* [CP] Embed Pods Frameworks */ = {
			isa = PBXShellScriptBuildPhase;
			buildActionMask = 2147483647;
			files = (
			);
			inputFileListPaths = (
				"${PODS_ROOT}/Target Support Files/Pods-CHATAPPDEMO/Pods-CHATAPPDEMO-frameworks-${CONFIGURATION}-input-files.xcfilelist",
			);
			name = "[CP] Embed Pods Frameworks";
			outputFileListPaths = (
				"${PODS_ROOT}/Target Support Files/Pods-CHATAPPDEMO/Pods-CHATAPPDEMO-frameworks-${CONFIGURATION}-output-files.xcfilelist",
			);
			runOnlyForDeploymentPostprocessing = 0;
			shellPath = /bin/sh;
			shellScript = "\"${PODS_ROOT}/Target Support Files/Pods-CHATAPPDEMO/Pods-CHATAPPDEMO-frameworks.sh\"\n";
			showEnvVarsInLog = 0;
		};
/* End PBXShellScriptBuildPhase section */

/* Begin PBXSourcesBuildPhase section */
		7D140C8527A2877600808512 /* Sources */ = {
			isa = PBXSourcesBuildPhase;
			buildActionMask = 2147483647;
			files = (
				7D140CA727A28AA200808512 /* LoginViewController.swift in Sources */,
				7D140CAD27A28B4A00808512 /* VideoViewerViewController.swift in Sources */,
				7D140CB127A28B9400808512 /* profileViewController.swift in Sources */,
				7D140CAF27A28B7D00808512 /* NewConversationViewController.swift in Sources */,
				7D140CA927A28AEF00808512 /* RegisterViewController.swift in Sources */,
				7D140CB427A290DB00808512 /* Extension.swift in Sources */,
				7D140C9127A2877600808512 /* ConversationsViewController.swift in Sources */,
				7D140C8D27A2877600808512 /* AppDelegate.swift in Sources */,
				7D140C8F27A2877600808512 /* SceneDelegate.swift in Sources */,
				7D140CAB27A28B3400808512 /* PhotoViewerViewController.swift in Sources */,
			);
			runOnlyForDeploymentPostprocessing = 0;
		};
/* End PBXSourcesBuildPhase section */

/* Begin PBXVariantGroup section */
		7D140C9227A2877600808512 /* Main.storyboard */ = {
			isa = PBXVariantGroup;
			children = (
				7D140C9327A2877600808512 /* Base */,
			);
			name = Main.storyboard;
			sourceTree = "<group>";
		};
		7D140C9727A2877700808512 /* LaunchScreen.storyboard */ = {
			isa = PBXVariantGroup;
			children = (
				7D140C9827A2877700808512 /* Base */,
			);
			name = LaunchScreen.storyboard;
			sourceTree = "<group>";
		};
/* End PBXVariantGroup section */

/* Begin XCBuildConfiguration section */
		7D140C9B27A2877700808512 /* Debug */ = {
			isa = XCBuildConfiguration;
			buildSettings = {
				ALWAYS_SEARCH_USER_PATHS = NO;
				CLANG_ANALYZER_NONNULL = YES;
				CLANG_ANALYZER_NUMBER_OBJECT_CONVERSION = YES_AGGRESSIVE;
				CLANG_CXX_LANGUAGE_STANDARD = "gnu++17";
				CLANG_CXX_LIBRARY = "libc++";
				CLANG_ENABLE_MODULES = YES;
				CLANG_ENABLE_OBJC_ARC = YES;
				CLANG_ENABLE_OBJC_WEAK = YES;
				CLANG_WARN_BLOCK_CAPTURE_AUTORELEASING = YES;
				CLANG_WARN_BOOL_CONVERSION = YES;
				CLANG_WARN_COMMA = YES;
				CLANG_WARN_CONSTANT_CONVERSION = YES;
				CLANG_WARN_DEPRECATED_OBJC_IMPLEMENTATIONS = YES;
				CLANG_WARN_DIRECT_OBJC_ISA_USAGE = YES_ERROR;
				CLANG_WARN_DOCUMENTATION_COMMENTS = YES;
				CLANG_WARN_EMPTY_BODY = YES;
				CLANG_WARN_ENUM_CONVERSION = YES;
				CLANG_WARN_INFINITE_RECURSION = YES;
				CLANG_WARN_INT_CONVERSION = YES;
				CLANG_WARN_NON_LITERAL_NULL_CONVERSION = YES;
				CLANG_WARN_OBJC_IMPLICIT_RETAIN_SELF = YES;
				CLANG_WARN_OBJC_LITERAL_CONVERSION = YES;
				CLANG_WARN_OBJC_ROOT_CLASS = YES_ERROR;
				CLANG_WARN_QUOTED_INCLUDE_IN_FRAMEWORK_HEADER = YES;
				CLANG_WARN_RANGE_LOOP_ANALYSIS = YES;
				CLANG_WARN_STRICT_PROTOTYPES = YES;
				CLANG_WARN_SUSPICIOUS_MOVE = YES;
				CLANG_WARN_UNGUARDED_AVAILABILITY = YES_AGGRESSIVE;
				CLANG_WARN_UNREACHABLE_CODE = YES;
				CLANG_WARN__DUPLICATE_METHOD_MATCH = YES;
				COPY_PHASE_STRIP = NO;
				DEBUG_INFORMATION_FORMAT = dwarf;
				ENABLE_STRICT_OBJC_MSGSEND = YES;
				ENABLE_TESTABILITY = YES;
				GCC_C_LANGUAGE_STANDARD = gnu11;
				GCC_DYNAMIC_NO_PIC = NO;
				GCC_NO_COMMON_BLOCKS = YES;
				GCC_OPTIMIZATION_LEVEL = 0;
				GCC_PREPROCESSOR_DEFINITIONS = (
					"DEBUG=1",
					"$(inherited)",
				);
				GCC_WARN_64_TO_32_BIT_CONVERSION = YES;
				GCC_WARN_ABOUT_RETURN_TYPE = YES_ERROR;
				GCC_WARN_UNDECLARED_SELECTOR = YES;
				GCC_WARN_UNINITIALIZED_AUTOS = YES_AGGRESSIVE;
				GCC_WARN_UNUSED_FUNCTION = YES;
				GCC_WARN_UNUSED_VARIABLE = YES;
				IPHONEOS_DEPLOYMENT_TARGET = 15.0;
				MTL_ENABLE_DEBUG_INFO = INCLUDE_SOURCE;
				MTL_FAST_MATH = YES;
				ONLY_ACTIVE_ARCH = YES;
				SDKROOT = iphoneos;
				SWIFT_ACTIVE_COMPILATION_CONDITIONS = DEBUG;
				SWIFT_OPTIMIZATION_LEVEL = "-Onone";
			};
			name = Debug;
		};
		7D140C9C27A2877700808512 /* Release */ = {
			isa = XCBuildConfiguration;
			buildSettings = {
				ALWAYS_SEARCH_USER_PATHS = NO;
				CLANG_ANALYZER_NONNULL = YES;
				CLANG_ANALYZER_NUMBER_OBJECT_CONVERSION = YES_AGGRESSIVE;
				CLANG_CXX_LANGUAGE_STANDARD = "gnu++17";
				CLANG_CXX_LIBRARY = "libc++";
				CLANG_ENABLE_MODULES = YES;
				CLANG_ENABLE_OBJC_ARC = YES;
				CLANG_ENABLE_OBJC_WEAK = YES;
				CLANG_WARN_BLOCK_CAPTURE_AUTORELEASING = YES;
				CLANG_WARN_BOOL_CONVERSION = YES;
				CLANG_WARN_COMMA = YES;
				CLANG_WARN_CONSTANT_CONVERSION = YES;
				CLANG_WARN_DEPRECATED_OBJC_IMPLEMENTATIONS = YES;
				CLANG_WARN_DIRECT_OBJC_ISA_USAGE = YES_ERROR;
				CLANG_WARN_DOCUMENTATION_COMMENTS = YES;
				CLANG_WARN_EMPTY_BODY = YES;
				CLANG_WARN_ENUM_CONVERSION = YES;
				CLANG_WARN_INFINITE_RECURSION = YES;
				CLANG_WARN_INT_CONVERSION = YES;
				CLANG_WARN_NON_LITERAL_NULL_CONVERSION = YES;
				CLANG_WARN_OBJC_IMPLICIT_RETAIN_SELF = YES;
				CLANG_WARN_OBJC_LITERAL_CONVERSION = YES;
				CLANG_WARN_OBJC_ROOT_CLASS = YES_ERROR;
				CLANG_WARN_QUOTED_INCLUDE_IN_FRAMEWORK_HEADER = YES;
				CLANG_WARN_RANGE_LOOP_ANALYSIS = YES;
				CLANG_WARN_STRICT_PROTOTYPES = YES;
				CLANG_WARN_SUSPICIOUS_MOVE = YES;
				CLANG_WARN_UNGUARDED_AVAILABILITY = YES_AGGRESSIVE;
				CLANG_WARN_UNREACHABLE_CODE = YES;
				CLANG_WARN__DUPLICATE_METHOD_MATCH = YES;
				COPY_PHASE_STRIP = NO;
				DEBUG_INFORMATION_FORMAT = "dwarf-with-dsym";
				ENABLE_NS_ASSERTIONS = NO;
				ENABLE_STRICT_OBJC_MSGSEND = YES;
				GCC_C_LANGUAGE_STANDARD = gnu11;
				GCC_NO_COMMON_BLOCKS = YES;
				GCC_WARN_64_TO_32_BIT_CONVERSION = YES;
				GCC_WARN_ABOUT_RETURN_TYPE = YES_ERROR;
				GCC_WARN_UNDECLARED_SELECTOR = YES;
				GCC_WARN_UNINITIALIZED_AUTOS = YES_AGGRESSIVE;
				GCC_WARN_UNUSED_FUNCTION = YES;
				GCC_WARN_UNUSED_VARIABLE = YES;
				IPHONEOS_DEPLOYMENT_TARGET = 15.0;
				MTL_ENABLE_DEBUG_INFO = NO;
				MTL_FAST_MATH = YES;
				SDKROOT = iphoneos;
				SWIFT_COMPILATION_MODE = wholemodule;
				SWIFT_OPTIMIZATION_LEVEL = "-O";
				VALIDATE_PRODUCT = YES;
			};
			name = Release;
		};
		7D140C9E27A2877700808512 /* Debug */ = {
			isa = XCBuildConfiguration;
			baseConfigurationReference = F6A71F693219A86E42B234BA /* Pods-CHATAPPDEMO.debug.xcconfig */;
			buildSettings = {
				ASSETCATALOG_COMPILER_APPICON_NAME = AppIcon;
				ASSETCATALOG_COMPILER_GLOBAL_ACCENT_COLOR_NAME = AccentColor;
				CODE_SIGN_STYLE = Automatic;
				CURRENT_PROJECT_VERSION = 1;
				DEVELOPMENT_TEAM = 22ANVJF9PA;
				GENERATE_INFOPLIST_FILE = YES;
				INFOPLIST_FILE = CHATAPPDEMO/Info.plist;
				INFOPLIST_KEY_UIApplicationSupportsIndirectInputEvents = YES;
				INFOPLIST_KEY_UILaunchStoryboardName = LaunchScreen;
				INFOPLIST_KEY_UIMainStoryboardFile = Main;
				INFOPLIST_KEY_UISupportedInterfaceOrientations = UIInterfaceOrientationPortrait;
				INFOPLIST_KEY_UISupportedInterfaceOrientations_iPad = "UIInterfaceOrientationPortrait UIInterfaceOrientationPortraitUpsideDown UIInterfaceOrientationLandscapeLeft UIInterfaceOrientationLandscapeRight";
				INFOPLIST_KEY_UISupportedInterfaceOrientations_iPhone = "UIInterfaceOrientationPortrait UIInterfaceOrientationLandscapeLeft UIInterfaceOrientationLandscapeRight";
				LD_RUNPATH_SEARCH_PATHS = (
					"$(inherited)",
					"@executable_path/Frameworks",
				);
				MARKETING_VERSION = 1.0;
				PRODUCT_BUNDLE_IDENTIFIER = rajandesai.CHATAPPDEMO;
				PRODUCT_NAME = "$(TARGET_NAME)";
				SWIFT_EMIT_LOC_STRINGS = YES;
				SWIFT_VERSION = 5.0;
				TARGETED_DEVICE_FAMILY = "1,2";
			};
			name = Debug;
		};
		7D140C9F27A2877700808512 /* Release */ = {
			isa = XCBuildConfiguration;
			baseConfigurationReference = 04DDD78007B2EA704A95CF11 /* Pods-CHATAPPDEMO.release.xcconfig */;
			buildSettings = {
				ASSETCATALOG_COMPILER_APPICON_NAME = AppIcon;
				ASSETCATALOG_COMPILER_GLOBAL_ACCENT_COLOR_NAME = AccentColor;
				CODE_SIGN_STYLE = Automatic;
				CURRENT_PROJECT_VERSION = 1;
				DEVELOPMENT_TEAM = 22ANVJF9PA;
				GENERATE_INFOPLIST_FILE = YES;
				INFOPLIST_FILE = CHATAPPDEMO/Info.plist;
				INFOPLIST_KEY_UIApplicationSupportsIndirectInputEvents = YES;
				INFOPLIST_KEY_UILaunchStoryboardName = LaunchScreen;
				INFOPLIST_KEY_UIMainStoryboardFile = Main;
				INFOPLIST_KEY_UISupportedInterfaceOrientations = UIInterfaceOrientationPortrait;
				INFOPLIST_KEY_UISupportedInterfaceOrientations_iPad = "UIInterfaceOrientationPortrait UIInterfaceOrientationPortraitUpsideDown UIInterfaceOrientationLandscapeLeft UIInterfaceOrientationLandscapeRight";
				INFOPLIST_KEY_UISupportedInterfaceOrientations_iPhone = "UIInterfaceOrientationPortrait UIInterfaceOrientationLandscapeLeft UIInterfaceOrientationLandscapeRight";
				LD_RUNPATH_SEARCH_PATHS = (
					"$(inherited)",
					"@executable_path/Frameworks",
				);
				MARKETING_VERSION = 1.0;
				PRODUCT_BUNDLE_IDENTIFIER = rajandesai.CHATAPPDEMO;
				PRODUCT_NAME = "$(TARGET_NAME)";
				SWIFT_EMIT_LOC_STRINGS = YES;
				SWIFT_VERSION = 5.0;
				TARGETED_DEVICE_FAMILY = "1,2";
			};
			name = Release;
		};
/* End XCBuildConfiguration section */

/* Begin XCConfigurationList section */
		7D140C8427A2877600808512 /* Build configuration list for PBXProject "CHATAPPDEMO" */ = {
			isa = XCConfigurationList;
			buildConfigurations = (
				7D140C9B27A2877700808512 /* Debug */,
				7D140C9C27A2877700808512 /* Release */,
			);
			defaultConfigurationIsVisible = 0;
			defaultConfigurationName = Release;
		};
		7D140C9D27A2877700808512 /* Build configuration list for PBXNativeTarget "CHATAPPDEMO" */ = {
			isa = XCConfigurationList;
			buildConfigurations = (
				7D140C9E27A2877700808512 /* Debug */,
				7D140C9F27A2877700808512 /* Release */,
			);
			defaultConfigurationIsVisible = 0;
			defaultConfigurationName = Release;
		};
/* End XCConfigurationList section */
	};
	rootObject = 7D140C8127A2877600808512 /* Project object */;
}
